// !$*UTF8*$!
{
	archiveVersion = 1;
	classes = {
	};
	objectVersion = 46;
	objects = {

/* Begin PBXBuildFile section */
		562D2C4A17538A45003519A2 /* Ultilities.m in Sources */ = {isa = PBXBuildFile; fileRef = 562D2C4917538A45003519A2 /* Ultilities.m */; };
		564B2BA61757363900F9E17D /* PhotoViewerVC.m in Sources */ = {isa = PBXBuildFile; fileRef = 564B2BA51757363900F9E17D /* PhotoViewerVC.m */; };
		5656E425174DEB8A001C568E /* arrowDown.png in Resources */ = {isa = PBXBuildFile; fileRef = 5656E41E174DEB8A001C568E /* arrowDown.png */; };
		5656E426174DEB8A001C568E /* arrowDown@2x.png in Resources */ = {isa = PBXBuildFile; fileRef = 5656E41F174DEB8A001C568E /* arrowDown@2x.png */; };
		5656E427174DEB8A001C568E /* arrowUp.png in Resources */ = {isa = PBXBuildFile; fileRef = 5656E420174DEB8A001C568E /* arrowUp.png */; };
		5656E428174DEB8A001C568E /* arrowUp@2x.png in Resources */ = {isa = PBXBuildFile; fileRef = 5656E421174DEB8A001C568E /* arrowUp@2x.png */; };
		5656E429174DEB8A001C568E /* blueArrow.png in Resources */ = {isa = PBXBuildFile; fileRef = 5656E422174DEB8A001C568E /* blueArrow.png */; };
		5656E42A174DEB8A001C568E /* PullingRefreshTableView.m in Sources */ = {isa = PBXBuildFile; fileRef = 5656E424174DEB8A001C568E /* PullingRefreshTableView.m */; };
		5687DA66174C6C6F00D673C7 /* UIKit.framework in Frameworks */ = {isa = PBXBuildFile; fileRef = 5687DA65174C6C6F00D673C7 /* UIKit.framework */; };
		5687DA68174C6C6F00D673C7 /* Foundation.framework in Frameworks */ = {isa = PBXBuildFile; fileRef = 5687DA67174C6C6F00D673C7 /* Foundation.framework */; };
		5687DA6A174C6C6F00D673C7 /* CoreGraphics.framework in Frameworks */ = {isa = PBXBuildFile; fileRef = 5687DA69174C6C6F00D673C7 /* CoreGraphics.framework */; };
		5687DA70174C6C6F00D673C7 /* InfoPlist.strings in Resources */ = {isa = PBXBuildFile; fileRef = 5687DA6E174C6C6F00D673C7 /* InfoPlist.strings */; };
		5687DA72174C6C6F00D673C7 /* main.m in Sources */ = {isa = PBXBuildFile; fileRef = 5687DA71174C6C6F00D673C7 /* main.m */; };
		5687DA76174C6C6F00D673C7 /* AppDelegate.m in Sources */ = {isa = PBXBuildFile; fileRef = 5687DA75174C6C6F00D673C7 /* AppDelegate.m */; };
		5687DA78174C6C6F00D673C7 /* Default.png in Resources */ = {isa = PBXBuildFile; fileRef = 5687DA77174C6C6F00D673C7 /* Default.png */; };
		5687DA7A174C6C6F00D673C7 /* Default@2x.png in Resources */ = {isa = PBXBuildFile; fileRef = 5687DA79174C6C6F00D673C7 /* Default@2x.png */; };
		5687DA7C174C6C6F00D673C7 /* Default-568h@2x.png in Resources */ = {isa = PBXBuildFile; fileRef = 5687DA7B174C6C6F00D673C7 /* Default-568h@2x.png */; };
		56AC09AB174C975A00DF25BC /* MenuVC.m in Sources */ = {isa = PBXBuildFile; fileRef = 56AC09AA174C975A00DF25BC /* MenuVC.m */; };
		56AC09AE174C989400DF25BC /* MainVC.m in Sources */ = {isa = PBXBuildFile; fileRef = 56AC09AD174C989300DF25BC /* MainVC.m */; };
		56E5F6B21750DA7100BA2376 /* QiuShi.m in Sources */ = {isa = PBXBuildFile; fileRef = 56E5F6B11750DA7100BA2376 /* QiuShi.m */; };
		56E804D81754EB10003AE821 /* main_background@2x.png in Resources */ = {isa = PBXBuildFile; fileRef = 56E804D71754EB10003AE821 /* main_background@2x.png */; };
		56EF1AE61752169E00B5E1A8 /* Comment.m in Sources */ = {isa = PBXBuildFile; fileRef = 56EF1AE51752169E00B5E1A8 /* Comment.m */; };
		56F4C6DC17543D8D000F15F9 /* ContentCell.m in Sources */ = {isa = PBXBuildFile; fileRef = 56F4C6DB17543D8D000F15F9 /* ContentCell.m */; };
		56F4C6DF17545B76000F15F9 /* block_center_background@2x.png in Resources */ = {isa = PBXBuildFile; fileRef = 56F4C6DE17545B76000F15F9 /* block_center_background@2x.png */; };
		56F4C6E817548D34000F15F9 /* thumb_avatar@2x.png in Resources */ = {isa = PBXBuildFile; fileRef = 56F4C6E617548D34000F15F9 /* thumb_avatar@2x.png */; };
		56F4C6E917548D34000F15F9 /* thumb_pic@2x.png in Resources */ = {isa = PBXBuildFile; fileRef = 56F4C6E717548D34000F15F9 /* thumb_pic@2x.png */; };
		56F4C6EB175495EE000F15F9 /* block_foot_background@2x.png in Resources */ = {isa = PBXBuildFile; fileRef = 56F4C6EA175495EE000F15F9 /* block_foot_background@2x.png */; };
		56F4C6EE17549852000F15F9 /* button_vote_active@2x.png in Resources */ = {isa = PBXBuildFile; fileRef = 56F4C6EC17549852000F15F9 /* button_vote_active@2x.png */; };
		56F4C6EF17549852000F15F9 /* button_vote_enable@2x.png in Resources */ = {isa = PBXBuildFile; fileRef = 56F4C6ED17549852000F15F9 /* button_vote_enable@2x.png */; };
		56F4C6F617549C5A000F15F9 /* icon_against_active@2x.png in Resources */ = {isa = PBXBuildFile; fileRef = 56F4C6F017549C59000F15F9 /* icon_against_active@2x.png */; };
		56F4C6F717549C5A000F15F9 /* icon_against_enable@2x.png in Resources */ = {isa = PBXBuildFile; fileRef = 56F4C6F117549C59000F15F9 /* icon_against_enable@2x.png */; };
		56F4C6F817549C5A000F15F9 /* icon_fav_active@2x.png in Resources */ = {isa = PBXBuildFile; fileRef = 56F4C6F217549C59000F15F9 /* icon_fav_active@2x.png */; };
		56F4C6F917549C5A000F15F9 /* icon_fav_enable@2x.png in Resources */ = {isa = PBXBuildFile; fileRef = 56F4C6F317549C5A000F15F9 /* icon_fav_enable@2x.png */; };
		56F4C6FA17549C5A000F15F9 /* icon_for_active@2x.png in Resources */ = {isa = PBXBuildFile; fileRef = 56F4C6F417549C5A000F15F9 /* icon_for_active@2x.png */; };
		56F4C6FB17549C5A000F15F9 /* icon_for_enable@2x.png in Resources */ = {isa = PBXBuildFile; fileRef = 56F4C6F517549C5A000F15F9 /* icon_for_enable@2x.png */; };
		DCF32B4788F64380839B5541 /* libPods.a in Frameworks */ = {isa = PBXBuildFile; fileRef = 7087D3DEF4DA41C38D2BA3CD /* libPods.a */; };
/* End PBXBuildFile section */

/* Begin PBXFileReference section */
		562D2C4817538A45003519A2 /* Ultilities.h */ = {isa = PBXFileReference; fileEncoding = 4; lastKnownFileType = sourcecode.c.h; path = Ultilities.h; sourceTree = "<group>"; };
		562D2C4917538A45003519A2 /* Ultilities.m */ = {isa = PBXFileReference; fileEncoding = 4; lastKnownFileType = sourcecode.c.objc; path = Ultilities.m; sourceTree = "<group>"; };
		564B2BA41757363900F9E17D /* PhotoViewerVC.h */ = {isa = PBXFileReference; fileEncoding = 4; lastKnownFileType = sourcecode.c.h; path = PhotoViewerVC.h; sourceTree = "<group>"; };
		564B2BA51757363900F9E17D /* PhotoViewerVC.m */ = {isa = PBXFileReference; fileEncoding = 4; lastKnownFileType = sourcecode.c.objc; path = PhotoViewerVC.m; sourceTree = "<group>"; };
		5656E41E174DEB8A001C568E /* arrowDown.png */ = {isa = PBXFileReference; lastKnownFileType = image.png; path = arrowDown.png; sourceTree = "<group>"; };
		5656E41F174DEB8A001C568E /* arrowDown@2x.png */ = {isa = PBXFileReference; lastKnownFileType = image.png; path = "arrowDown@2x.png"; sourceTree = "<group>"; };
		5656E420174DEB8A001C568E /* arrowUp.png */ = {isa = PBXFileReference; lastKnownFileType = image.png; path = arrowUp.png; sourceTree = "<group>"; };
		5656E421174DEB8A001C568E /* arrowUp@2x.png */ = {isa = PBXFileReference; lastKnownFileType = image.png; path = "arrowUp@2x.png"; sourceTree = "<group>"; };
		5656E422174DEB8A001C568E /* blueArrow.png */ = {isa = PBXFileReference; lastKnownFileType = image.png; path = blueArrow.png; sourceTree = "<group>"; };
		5656E423174DEB8A001C568E /* PullingRefreshTableView.h */ = {isa = PBXFileReference; fileEncoding = 4; lastKnownFileType = sourcecode.c.h; path = PullingRefreshTableView.h; sourceTree = "<group>"; };
		5656E424174DEB8A001C568E /* PullingRefreshTableView.m */ = {isa = PBXFileReference; fileEncoding = 4; lastKnownFileType = sourcecode.c.objc; path = PullingRefreshTableView.m; sourceTree = "<group>"; };
		5687DA62174C6C6F00D673C7 /* QiuShiDemo.app */ = {isa = PBXFileReference; explicitFileType = wrapper.application; includeInIndex = 0; path = QiuShiDemo.app; sourceTree = BUILT_PRODUCTS_DIR; };
		5687DA65174C6C6F00D673C7 /* UIKit.framework */ = {isa = PBXFileReference; lastKnownFileType = wrapper.framework; name = UIKit.framework; path = System/Library/Frameworks/UIKit.framework; sourceTree = SDKROOT; };
		5687DA67174C6C6F00D673C7 /* Foundation.framework */ = {isa = PBXFileReference; lastKnownFileType = wrapper.framework; name = Foundation.framework; path = System/Library/Frameworks/Foundation.framework; sourceTree = SDKROOT; };
		5687DA69174C6C6F00D673C7 /* CoreGraphics.framework */ = {isa = PBXFileReference; lastKnownFileType = wrapper.framework; name = CoreGraphics.framework; path = System/Library/Frameworks/CoreGraphics.framework; sourceTree = SDKROOT; };
		5687DA6D174C6C6F00D673C7 /* QiuShiDemo-Info.plist */ = {isa = PBXFileReference; lastKnownFileType = text.plist.xml; path = "QiuShiDemo-Info.plist"; sourceTree = "<group>"; };
		5687DA6F174C6C6F00D673C7 /* en */ = {isa = PBXFileReference; lastKnownFileType = text.plist.strings; name = en; path = en.lproj/InfoPlist.strings; sourceTree = "<group>"; };
		5687DA71174C6C6F00D673C7 /* main.m */ = {isa = PBXFileReference; lastKnownFileType = sourcecode.c.objc; path = main.m; sourceTree = "<group>"; };
		5687DA73174C6C6F00D673C7 /* QiuShiDemo-Prefix.pch */ = {isa = PBXFileReference; lastKnownFileType = sourcecode.c.h; path = "QiuShiDemo-Prefix.pch"; sourceTree = "<group>"; };
		5687DA74174C6C6F00D673C7 /* AppDelegate.h */ = {isa = PBXFileReference; lastKnownFileType = sourcecode.c.h; path = AppDelegate.h; sourceTree = "<group>"; };
		5687DA75174C6C6F00D673C7 /* AppDelegate.m */ = {isa = PBXFileReference; lastKnownFileType = sourcecode.c.objc; path = AppDelegate.m; sourceTree = "<group>"; };
		5687DA77174C6C6F00D673C7 /* Default.png */ = {isa = PBXFileReference; lastKnownFileType = image.png; path = Default.png; sourceTree = "<group>"; };
		5687DA79174C6C6F00D673C7 /* Default@2x.png */ = {isa = PBXFileReference; lastKnownFileType = image.png; path = "Default@2x.png"; sourceTree = "<group>"; };
		5687DA7B174C6C6F00D673C7 /* Default-568h@2x.png */ = {isa = PBXFileReference; lastKnownFileType = image.png; path = "Default-568h@2x.png"; sourceTree = "<group>"; };
		56AC09A9174C975A00DF25BC /* MenuVC.h */ = {isa = PBXFileReference; fileEncoding = 4; lastKnownFileType = sourcecode.c.h; path = MenuVC.h; sourceTree = "<group>"; };
		56AC09AA174C975A00DF25BC /* MenuVC.m */ = {isa = PBXFileReference; fileEncoding = 4; lastKnownFileType = sourcecode.c.objc; path = MenuVC.m; sourceTree = "<group>"; };
		56AC09AC174C989300DF25BC /* MainVC.h */ = {isa = PBXFileReference; fileEncoding = 4; lastKnownFileType = sourcecode.c.h; path = MainVC.h; sourceTree = "<group>"; };
		56AC09AD174C989300DF25BC /* MainVC.m */ = {isa = PBXFileReference; fileEncoding = 4; lastKnownFileType = sourcecode.c.objc; path = MainVC.m; sourceTree = "<group>"; };
		56E5F6B01750DA7100BA2376 /* QiuShi.h */ = {isa = PBXFileReference; fileEncoding = 4; lastKnownFileType = sourcecode.c.h; path = QiuShi.h; sourceTree = "<group>"; };
		56E5F6B11750DA7100BA2376 /* QiuShi.m */ = {isa = PBXFileReference; fileEncoding = 4; lastKnownFileType = sourcecode.c.objc; path = QiuShi.m; sourceTree = "<group>"; };
		56E804D71754EB10003AE821 /* main_background@2x.png */ = {isa = PBXFileReference; lastKnownFileType = image.png; path = "main_background@2x.png"; sourceTree = "<group>"; };
		56EF1AE41752169E00B5E1A8 /* Comment.h */ = {isa = PBXFileReference; fileEncoding = 4; lastKnownFileType = sourcecode.c.h; path = Comment.h; sourceTree = "<group>"; };
		56EF1AE51752169E00B5E1A8 /* Comment.m */ = {isa = PBXFileReference; fileEncoding = 4; lastKnownFileType = sourcecode.c.objc; path = Comment.m; sourceTree = "<group>"; };
		56F4C6DA17543D8C000F15F9 /* ContentCell.h */ = {isa = PBXFileReference; fileEncoding = 4; lastKnownFileType = sourcecode.c.h; path = ContentCell.h; sourceTree = "<group>"; };
		56F4C6DB17543D8D000F15F9 /* ContentCell.m */ = {isa = PBXFileReference; fileEncoding = 4; lastKnownFileType = sourcecode.c.objc; path = ContentCell.m; sourceTree = "<group>"; };
		56F4C6DE17545B76000F15F9 /* block_center_background@2x.png */ = {isa = PBXFileReference; lastKnownFileType = image.png; path = "block_center_background@2x.png"; sourceTree = "<group>"; };
		56F4C6E617548D34000F15F9 /* thumb_avatar@2x.png */ = {isa = PBXFileReference; lastKnownFileType = image.png; path = "thumb_avatar@2x.png"; sourceTree = "<group>"; };
		56F4C6E717548D34000F15F9 /* thumb_pic@2x.png */ = {isa = PBXFileReference; lastKnownFileType = image.png; path = "thumb_pic@2x.png"; sourceTree = "<group>"; };
		56F4C6EA175495EE000F15F9 /* block_foot_background@2x.png */ = {isa = PBXFileReference; lastKnownFileType = image.png; path = "block_foot_background@2x.png"; sourceTree = "<group>"; };
		56F4C6EC17549852000F15F9 /* button_vote_active@2x.png */ = {isa = PBXFileReference; lastKnownFileType = image.png; path = "button_vote_active@2x.png"; sourceTree = "<group>"; };
		56F4C6ED17549852000F15F9 /* button_vote_enable@2x.png */ = {isa = PBXFileReference; lastKnownFileType = image.png; path = "button_vote_enable@2x.png"; sourceTree = "<group>"; };
		56F4C6F017549C59000F15F9 /* icon_against_active@2x.png */ = {isa = PBXFileReference; lastKnownFileType = image.png; path = "icon_against_active@2x.png"; sourceTree = "<group>"; };
		56F4C6F117549C59000F15F9 /* icon_against_enable@2x.png */ = {isa = PBXFileReference; lastKnownFileType = image.png; path = "icon_against_enable@2x.png"; sourceTree = "<group>"; };
		56F4C6F217549C59000F15F9 /* icon_fav_active@2x.png */ = {isa = PBXFileReference; lastKnownFileType = image.png; path = "icon_fav_active@2x.png"; sourceTree = "<group>"; };
		56F4C6F317549C5A000F15F9 /* icon_fav_enable@2x.png */ = {isa = PBXFileReference; lastKnownFileType = image.png; path = "icon_fav_enable@2x.png"; sourceTree = "<group>"; };
		56F4C6F417549C5A000F15F9 /* icon_for_active@2x.png */ = {isa = PBXFileReference; lastKnownFileType = image.png; path = "icon_for_active@2x.png"; sourceTree = "<group>"; };
		56F4C6F517549C5A000F15F9 /* icon_for_enable@2x.png */ = {isa = PBXFileReference; lastKnownFileType = image.png; path = "icon_for_enable@2x.png"; sourceTree = "<group>"; };
		7087D3DEF4DA41C38D2BA3CD /* libPods.a */ = {isa = PBXFileReference; explicitFileType = archive.ar; includeInIndex = 0; path = libPods.a; sourceTree = BUILT_PRODUCTS_DIR; };
		AC8F0836D649460AAEE2B5BE /* Pods.xcconfig */ = {isa = PBXFileReference; includeInIndex = 1; lastKnownFileType = text.xcconfig; name = Pods.xcconfig; path = Pods/Pods.xcconfig; sourceTree = SOURCE_ROOT; };
/* End PBXFileReference section */

/* Begin PBXFrameworksBuildPhase section */
		5687DA5F174C6C6F00D673C7 /* Frameworks */ = {
			isa = PBXFrameworksBuildPhase;
			buildActionMask = 2147483647;
			files = (
				5687DA66174C6C6F00D673C7 /* UIKit.framework in Frameworks */,
				5687DA68174C6C6F00D673C7 /* Foundation.framework in Frameworks */,
				5687DA6A174C6C6F00D673C7 /* CoreGraphics.framework in Frameworks */,
				DCF32B4788F64380839B5541 /* libPods.a in Frameworks */,
			);
			runOnlyForDeploymentPostprocessing = 0;
		};
/* End PBXFrameworksBuildPhase section */

/* Begin PBXGroup section */
		5656E41C174DEB8A001C568E /* Libs */ = {
			isa = PBXGroup;
			children = (
				5656E41D174DEB8A001C568E /* PullingRefresh */,
			);
			name = Libs;
			path = QiuShiDemo/Libs;
			sourceTree = "<group>";
		};
		5656E41D174DEB8A001C568E /* PullingRefresh */ = {
			isa = PBXGroup;
			children = (
				5656E41E174DEB8A001C568E /* arrowDown.png */,
				5656E41F174DEB8A001C568E /* arrowDown@2x.png */,
				5656E420174DEB8A001C568E /* arrowUp.png */,
				5656E421174DEB8A001C568E /* arrowUp@2x.png */,
				5656E422174DEB8A001C568E /* blueArrow.png */,
				5656E423174DEB8A001C568E /* PullingRefreshTableView.h */,
				5656E424174DEB8A001C568E /* PullingRefreshTableView.m */,
			);
			path = PullingRefresh;
			sourceTree = "<group>";
		};
		5687DA59174C6C6E00D673C7 = {
			isa = PBXGroup;
			children = (
				56AC08E9174C945900DF25BC /* Controllers */,
				56AC08EA174C945900DF25BC /* Models */,
				56AC08EB174C945900DF25BC /* Resources */,
				56AC094A174C945900DF25BC /* Ultilities */,
				5656E41C174DEB8A001C568E /* Libs */,
				56AC094B174C945900DF25BC /* Views */,
				5687DA6B174C6C6F00D673C7 /* QiuShiDemo */,
				5687DA64174C6C6F00D673C7 /* Frameworks */,
				5687DA63174C6C6F00D673C7 /* Products */,
				AC8F0836D649460AAEE2B5BE /* Pods.xcconfig */,
			);
			sourceTree = "<group>";
		};
		5687DA63174C6C6F00D673C7 /* Products */ = {
			isa = PBXGroup;
			children = (
				5687DA62174C6C6F00D673C7 /* QiuShiDemo.app */,
			);
			name = Products;
			sourceTree = "<group>";
		};
		5687DA64174C6C6F00D673C7 /* Frameworks */ = {
			isa = PBXGroup;
			children = (
				5687DA65174C6C6F00D673C7 /* UIKit.framework */,
				5687DA67174C6C6F00D673C7 /* Foundation.framework */,
				5687DA69174C6C6F00D673C7 /* CoreGraphics.framework */,
				7087D3DEF4DA41C38D2BA3CD /* libPods.a */,
			);
			name = Frameworks;
			sourceTree = "<group>";
		};
		5687DA6B174C6C6F00D673C7 /* QiuShiDemo */ = {
			isa = PBXGroup;
			children = (
				5687DA74174C6C6F00D673C7 /* AppDelegate.h */,
				5687DA75174C6C6F00D673C7 /* AppDelegate.m */,
				5687DA6C174C6C6F00D673C7 /* Supporting Files */,
			);
			path = QiuShiDemo;
			sourceTree = "<group>";
		};
		5687DA6C174C6C6F00D673C7 /* Supporting Files */ = {
			isa = PBXGroup;
			children = (
				5687DA6D174C6C6F00D673C7 /* QiuShiDemo-Info.plist */,
				5687DA6E174C6C6F00D673C7 /* InfoPlist.strings */,
				5687DA71174C6C6F00D673C7 /* main.m */,
				5687DA73174C6C6F00D673C7 /* QiuShiDemo-Prefix.pch */,
				5687DA77174C6C6F00D673C7 /* Default.png */,
				5687DA79174C6C6F00D673C7 /* Default@2x.png */,
				5687DA7B174C6C6F00D673C7 /* Default-568h@2x.png */,
			);
			name = "Supporting Files";
			sourceTree = "<group>";
		};
		56AC08E9174C945900DF25BC /* Controllers */ = {
			isa = PBXGroup;
			children = (
				56AC09A9174C975A00DF25BC /* MenuVC.h */,
				56AC09AA174C975A00DF25BC /* MenuVC.m */,
				56AC09AC174C989300DF25BC /* MainVC.h */,
				56AC09AD174C989300DF25BC /* MainVC.m */,
				564B2BA41757363900F9E17D /* PhotoViewerVC.h */,
				564B2BA51757363900F9E17D /* PhotoViewerVC.m */,
			);
			name = Controllers;
			path = QiuShiDemo/Controllers;
			sourceTree = "<group>";
		};
		56AC08EA174C945900DF25BC /* Models */ = {
			isa = PBXGroup;
			children = (
				56E5F6B01750DA7100BA2376 /* QiuShi.h */,
				56E5F6B11750DA7100BA2376 /* QiuShi.m */,
				56EF1AE41752169E00B5E1A8 /* Comment.h */,
				56EF1AE51752169E00B5E1A8 /* Comment.m */,
			);
			name = Models;
			path = QiuShiDemo/Models;
			sourceTree = "<group>";
		};
		56AC08EB174C945900DF25BC /* Resources */ = {
			isa = PBXGroup;
			children = (
				56E804D61754EB10003AE821 /* MainVC */,
				56F4C6DD17545B76000F15F9 /* pic_ContentCell */,
			);
			name = Resources;
			path = QiuShiDemo/Resources;
			sourceTree = "<group>";
		};
		56AC094A174C945900DF25BC /* Ultilities */ = {
			isa = PBXGroup;
			children = (
				562D2C4817538A45003519A2 /* Ultilities.h */,
				562D2C4917538A45003519A2 /* Ultilities.m */,
			);
			name = Ultilities;
			path = QiuShiDemo/Ultilities;
			sourceTree = "<group>";
		};
		56AC094B174C945900DF25BC /* Views */ = {
			isa = PBXGroup;
			children = (
				56F4C6DA17543D8C000F15F9 /* ContentCell.h */,
				56F4C6DB17543D8D000F15F9 /* ContentCell.m */,
			);
			name = Views;
			path = QiuShiDemo/Views;
			sourceTree = "<group>";
		};
		56E804D61754EB10003AE821 /* MainVC */ = {
			isa = PBXGroup;
			children = (
				56E804D71754EB10003AE821 /* main_background@2x.png */,
			);
			path = MainVC;
			sourceTree = "<group>";
		};
		56F4C6DD17545B76000F15F9 /* pic_ContentCell */ = {
			isa = PBXGroup;
			children = (
				56F4C6F017549C59000F15F9 /* icon_against_active@2x.png */,
				56F4C6F117549C59000F15F9 /* icon_against_enable@2x.png */,
				56F4C6F217549C59000F15F9 /* icon_fav_active@2x.png */,
				56F4C6F317549C5A000F15F9 /* icon_fav_enable@2x.png */,
				56F4C6F417549C5A000F15F9 /* icon_for_active@2x.png */,
				56F4C6F517549C5A000F15F9 /* icon_for_enable@2x.png */,
				56F4C6EC17549852000F15F9 /* button_vote_active@2x.png */,
				56F4C6ED17549852000F15F9 /* button_vote_enable@2x.png */,
				56F4C6EA175495EE000F15F9 /* block_foot_background@2x.png */,
				56F4C6E617548D34000F15F9 /* thumb_avatar@2x.png */,
				56F4C6E717548D34000F15F9 /* thumb_pic@2x.png */,
				56F4C6DE17545B76000F15F9 /* block_center_background@2x.png */,
			);
			path = pic_ContentCell;
			sourceTree = "<group>";
		};
/* End PBXGroup section */

/* Begin PBXNativeTarget section */
		5687DA61174C6C6F00D673C7 /* QiuShiDemo */ = {
			isa = PBXNativeTarget;
			buildConfigurationList = 5687DA7F174C6C6F00D673C7 /* Build configuration list for PBXNativeTarget "QiuShiDemo" */;
			buildPhases = (
				0F1A6E463ECE440196B30EFA /* Check Pods Manifest.lock */,
				5687DA5E174C6C6F00D673C7 /* Sources */,
				5687DA5F174C6C6F00D673C7 /* Frameworks */,
				5687DA60174C6C6F00D673C7 /* Resources */,
				10C1C68E076F4D2EAFA76F27 /* Copy Pods Resources */,
			);
			buildRules = (
			);
			dependencies = (
			);
			name = QiuShiDemo;
			productName = QiuShiDemo;
			productReference = 5687DA62174C6C6F00D673C7 /* QiuShiDemo.app */;
			productType = "com.apple.product-type.application";
		};
/* End PBXNativeTarget section */

/* Begin PBXProject section */
		5687DA5A174C6C6E00D673C7 /* Project object */ = {
			isa = PBXProject;
			attributes = {
				LastUpgradeCheck = 0460;
			};
			buildConfigurationList = 5687DA5D174C6C6E00D673C7 /* Build configuration list for PBXProject "QiuShiDemo" */;
			compatibilityVersion = "Xcode 3.2";
			developmentRegion = English;
			hasScannedForEncodings = 0;
			knownRegions = (
				en,
			);
			mainGroup = 5687DA59174C6C6E00D673C7;
			productRefGroup = 5687DA63174C6C6F00D673C7 /* Products */;
			projectDirPath = "";
			projectRoot = "";
			targets = (
				5687DA61174C6C6F00D673C7 /* QiuShiDemo */,
			);
		};
/* End PBXProject section */

/* Begin PBXResourcesBuildPhase section */
		5687DA60174C6C6F00D673C7 /* Resources */ = {
			isa = PBXResourcesBuildPhase;
			buildActionMask = 2147483647;
			files = (
				5687DA70174C6C6F00D673C7 /* InfoPlist.strings in Resources */,
				5687DA78174C6C6F00D673C7 /* Default.png in Resources */,
				5687DA7A174C6C6F00D673C7 /* Default@2x.png in Resources */,
				5687DA7C174C6C6F00D673C7 /* Default-568h@2x.png in Resources */,
				5656E425174DEB8A001C568E /* arrowDown.png in Resources */,
				5656E426174DEB8A001C568E /* arrowDown@2x.png in Resources */,
				5656E427174DEB8A001C568E /* arrowUp.png in Resources */,
				5656E428174DEB8A001C568E /* arrowUp@2x.png in Resources */,
				5656E429174DEB8A001C568E /* blueArrow.png in Resources */,
				56F4C6DF17545B76000F15F9 /* block_center_background@2x.png in Resources */,
				56F4C6E817548D34000F15F9 /* thumb_avatar@2x.png in Resources */,
				56F4C6E917548D34000F15F9 /* thumb_pic@2x.png in Resources */,
				56F4C6EB175495EE000F15F9 /* block_foot_background@2x.png in Resources */,
				56F4C6EE17549852000F15F9 /* button_vote_active@2x.png in Resources */,
				56F4C6EF17549852000F15F9 /* button_vote_enable@2x.png in Resources */,
				56F4C6F617549C5A000F15F9 /* icon_against_active@2x.png in Resources */,
				56F4C6F717549C5A000F15F9 /* icon_against_enable@2x.png in Resources */,
				56F4C6F817549C5A000F15F9 /* icon_fav_active@2x.png in Resources */,
				56F4C6F917549C5A000F15F9 /* icon_fav_enable@2x.png in Resources */,
				56F4C6FA17549C5A000F15F9 /* icon_for_active@2x.png in Resources */,
				56F4C6FB17549C5A000F15F9 /* icon_for_enable@2x.png in Resources */,
				56E804D81754EB10003AE821 /* main_background@2x.png in Resources */,
			);
			runOnlyForDeploymentPostprocessing = 0;
		};
/* End PBXResourcesBuildPhase section */

/* Begin PBXShellScriptBuildPhase section */
		0F1A6E463ECE440196B30EFA /* Check Pods Manifest.lock */ = {
			isa = PBXShellScriptBuildPhase;
			buildActionMask = 2147483647;
			files = (
			);
			inputPaths = (
			);
			name = "Check Pods Manifest.lock";
			outputPaths = (
			);
			runOnlyForDeploymentPostprocessing = 0;
			shellPath = /bin/sh;
			shellScript = "diff \"${PODS_ROOT}/../Podfile.lock\" \"${PODS_ROOT}/Manifest.lock\" > /dev/null\nif [[ $? != 0 ]] ; then\n    cat << EOM\nerror: The sandbox is not in sync with the Podfile.lock. Run 'pod install' or update your CocoaPods installation.\nEOM\n    exit 1\nfi\n";
		};
		10C1C68E076F4D2EAFA76F27 /* Copy Pods Resources */ = {
			isa = PBXShellScriptBuildPhase;
			buildActionMask = 2147483647;
			files = (
			);
			inputPaths = (
			);
			name = "Copy Pods Resources";
			outputPaths = (
			);
			runOnlyForDeploymentPostprocessing = 0;
			shellPath = /bin/sh;
			shellScript = "\"${SRCROOT}/Pods/Pods-resources.sh\"\n";
		};
/* End PBXShellScriptBuildPhase section */

/* Begin PBXSourcesBuildPhase section */
		5687DA5E174C6C6F00D673C7 /* Sources */ = {
			isa = PBXSourcesBuildPhase;
			buildActionMask = 2147483647;
			files = (
				5687DA72174C6C6F00D673C7 /* main.m in Sources */,
				5687DA76174C6C6F00D673C7 /* AppDelegate.m in Sources */,
				56AC09AB174C975A00DF25BC /* MenuVC.m in Sources */,
				56AC09AE174C989400DF25BC /* MainVC.m in Sources */,
				5656E42A174DEB8A001C568E /* PullingRefreshTableView.m in Sources */,
				56E5F6B21750DA7100BA2376 /* QiuShi.m in Sources */,
				56EF1AE61752169E00B5E1A8 /* Comment.m in Sources */,
				562D2C4A17538A45003519A2 /* Ultilities.m in Sources */,
				56F4C6DC17543D8D000F15F9 /* ContentCell.m in Sources */,
				564B2BA61757363900F9E17D /* PhotoViewerVC.m in Sources */,
			);
			runOnlyForDeploymentPostprocessing = 0;
		};
/* End PBXSourcesBuildPhase section */

/* Begin PBXVariantGroup section */
		5687DA6E174C6C6F00D673C7 /* InfoPlist.strings */ = {
			isa = PBXVariantGroup;
			children = (
				5687DA6F174C6C6F00D673C7 /* en */,
			);
			name = InfoPlist.strings;
			sourceTree = "<group>";
		};
/* End PBXVariantGroup section */

/* Begin XCBuildConfiguration section */
		5687DA7D174C6C6F00D673C7 /* Debug */ = {
			isa = XCBuildConfiguration;
			buildSettings = {
				ALWAYS_SEARCH_USER_PATHS = NO;
				CLANG_CXX_LANGUAGE_STANDARD = "gnu++0x";
				CLANG_CXX_LIBRARY = "libc++";
				CLANG_WARN_CONSTANT_CONVERSION = YES;
				CLANG_WARN_EMPTY_BODY = YES;
				CLANG_WARN_ENUM_CONVERSION = YES;
				CLANG_WARN_INT_CONVERSION = YES;
				CLANG_WARN__DUPLICATE_METHOD_MATCH = YES;
				"CODE_SIGN_IDENTITY[sdk=iphoneos*]" = "iPhone Developer";
				COPY_PHASE_STRIP = NO;
				GCC_C_LANGUAGE_STANDARD = gnu99;
				GCC_DYNAMIC_NO_PIC = NO;
				GCC_OPTIMIZATION_LEVEL = 0;
				GCC_PREPROCESSOR_DEFINITIONS = (
					"DEBUG=1",
					"$(inherited)",
				);
				GCC_SYMBOLS_PRIVATE_EXTERN = NO;
				GCC_WARN_ABOUT_RETURN_TYPE = YES;
				GCC_WARN_UNINITIALIZED_AUTOS = YES;
				GCC_WARN_UNUSED_VARIABLE = YES;
				IPHONEOS_DEPLOYMENT_TARGET = 6.1;
				ONLY_ACTIVE_ARCH = YES;
				SDKROOT = iphoneos;
			};
			name = Debug;
		};
		5687DA7E174C6C6F00D673C7 /* Release */ = {
			isa = XCBuildConfiguration;
			buildSettings = {
				ALWAYS_SEARCH_USER_PATHS = NO;
				CLANG_CXX_LANGUAGE_STANDARD = "gnu++0x";
				CLANG_CXX_LIBRARY = "libc++";
				CLANG_WARN_CONSTANT_CONVERSION = YES;
				CLANG_WARN_EMPTY_BODY = YES;
				CLANG_WARN_ENUM_CONVERSION = YES;
				CLANG_WARN_INT_CONVERSION = YES;
				CLANG_WARN__DUPLICATE_METHOD_MATCH = YES;
				"CODE_SIGN_IDENTITY[sdk=iphoneos*]" = "iPhone Developer";
				COPY_PHASE_STRIP = YES;
				GCC_C_LANGUAGE_STANDARD = gnu99;
				GCC_WARN_ABOUT_RETURN_TYPE = YES;
				GCC_WARN_UNINITIALIZED_AUTOS = YES;
				GCC_WARN_UNUSED_VARIABLE = YES;
				IPHONEOS_DEPLOYMENT_TARGET = 6.1;
				OTHER_CFLAGS = "-DNS_BLOCK_ASSERTIONS=1";
				SDKROOT = iphoneos;
				VALIDATE_PRODUCT = YES;
			};
			name = Release;
		};
		5687DA80174C6C6F00D673C7 /* Debug */ = {
			isa = XCBuildConfiguration;
			baseConfigurationReference = AC8F0836D649460AAEE2B5BE /* Pods.xcconfig */;
			buildSettings = {
				GCC_PRECOMPILE_PREFIX_HEADER = YES;
				GCC_PREFIX_HEADER = "QiuShiDemo/QiuShiDemo-Prefix.pch";
				INFOPLIST_FILE = "QiuShiDemo/QiuShiDemo-Info.plist";
				IPHONEOS_DEPLOYMENT_TARGET = 6.0;
				PRODUCT_NAME = "$(TARGET_NAME)";
				WRAPPER_EXTENSION = app;
			};
			name = Debug;
		};
		5687DA81174C6C6F00D673C7 /* Release */ = {
			isa = XCBuildConfiguration;
			baseConfigurationReference = AC8F0836D649460AAEE2B5BE /* Pods.xcconfig */;
			buildSettings = {
				GCC_PRECOMPILE_PREFIX_HEADER = YES;
				GCC_PREFIX_HEADER = "QiuShiDemo/QiuShiDemo-Prefix.pch";
				INFOPLIST_FILE = "QiuShiDemo/QiuShiDemo-Info.plist";
				IPHONEOS_DEPLOYMENT_TARGET = 6.0;
				PRODUCT_NAME = "$(TARGET_NAME)";
				WRAPPER_EXTENSION = app;
			};
			name = Release;
		};
/* End XCBuildConfiguration section */

/* Begin XCConfigurationList section */
		5687DA5D174C6C6E00D673C7 /* Build configuration list for PBXProject "QiuShiDemo" */ = {
			isa = XCConfigurationList;
			buildConfigurations = (
				5687DA7D174C6C6F00D673C7 /* Debug */,
				5687DA7E174C6C6F00D673C7 /* Release */,
			);
			defaultConfigurationIsVisible = 0;
			defaultConfigurationName = Release;
		};
		5687DA7F174C6C6F00D673C7 /* Build configuration list for PBXNativeTarget "QiuShiDemo" */ = {
			isa = XCConfigurationList;
			buildConfigurations = (
				5687DA80174C6C6F00D673C7 /* Debug */,
				5687DA81174C6C6F00D673C7 /* Release */,
			);
			defaultConfigurationIsVisible = 0;
			defaultConfigurationName = Release;
		};
/* End XCConfigurationList section */
	};
	rootObject = 5687DA5A174C6C6E00D673C7 /* Project object */;
}
